
Microsoft Visual Studio Solution File, Format Version 12.00
# Visual Studio 15
VisualStudioVersion = 15.0.26510.0
MinimumVisualStudioVersion = 10.0.40219.1
Project("{FAE04EC0-301F-11D3-BF4B-00C04F79EFBC}") = "WebApplication1", "WebApplication1\WebApplication1.csproj", "{7F63C9ED-A16A-41BF-A00A-EED6FDF92170}"
EndProject
Project("{FAE04EC0-301F-11D3-BF4B-00C04F79EFBC}") = "WebApplication1.Tests", "WebApplication1.Tests\WebApplication1.Tests.csproj", "{324D7F40-40C6-40A8-902F-D2294833863F}"
EndProject
Project("{FAE04EC0-301F-11D3-BF4B-00C04F79EFBC}") = "Helpers", "Helpers\Helpers.csproj", "{CBC85A98-2835-4714-BA6F-7CB05465D77C}"
EndProject
Global
	GlobalSection(SolutionConfigurationPlatforms) = preSolution
		Debug|Any CPU = Debug|Any CPU
		Release|Any CPU = Release|Any CPU
	EndGlobalSection
	GlobalSection(ProjectConfigurationPlatforms) = postSolution
		{7F63C9ED-A16A-41BF-A00A-EED6FDF92170}.Debug|Any CPU.ActiveCfg = Debug|Any CPU
		{7F63C9ED-A16A-41BF-A00A-EED6FDF92170}.Debug|Any CPU.Build.0 = Debug|Any CPU
		{7F63C9ED-A16A-41BF-A00A-EED6FDF92170}.Release|Any CPU.ActiveCfg = Release|Any CPU
		{7F63C9ED-A16A-41BF-A00A-EED6FDF92170}.Release|Any CPU.Build.0 = Release|Any CPU
		{324D7F40-40C6-40A8-902F-D2294833863F}.Debug|Any CPU.ActiveCfg = Debug|Any CPU
		{324D7F40-40C6-40A8-902F-D2294833863F}.Debug|Any CPU.Build.0 = Debug|Any CPU
		{324D7F40-40C6-40A8-902F-D2294833863F}.Release|Any CPU.ActiveCfg = Release|Any CPU
		{324D7F40-40C6-40A8-902F-D2294833863F}.Release|Any CPU.Build.0 = Release|Any CPU
		{CBC85A98-2835-4714-BA6F-7CB05465D77C}.Debug|Any CPU.ActiveCfg = Debug|Any CPU
		{CBC85A98-2835-4714-BA6F-7CB05465D77C}.Debug|Any CPU.Build.0 = Debug|Any CPU
		{CBC85A98-2835-4714-BA6F-7CB05465D77C}.Release|Any CPU.ActiveCfg = Release|Any CPU
		{CBC85A98-2835-4714-BA6F-7CB05465D77C}.Release|Any CPU.Build.0 = Release|Any CPU
	EndGlobalSection
	GlobalSection(SolutionProperties) = preSolution
		HideSolutionNode = FALSE
	EndGlobalSection
	GlobalSection(ExtensibilityGlobals) = postSolution
		SolutionGuid = {09DF36CD-851B-4691-8BAA-7DE538526F2C}
	EndGlobalSection
EndGlobal
